
Microsoft Visual Studio Solution File, Format Version 12.00
# Visual Studio Version 16
VisualStudioVersion = 16.0.29409.12
MinimumVisualStudioVersion = 10.0.40219.1
Project("{FAE04EC0-301F-11D3-BF4B-00C04F79EFBC}") = "TanksGame", "TanksGame\TanksGame.csproj", "{8605974E-2F50-4C14-92BA-48486E1015D3}"
EndProject
Global
	GlobalSection(SolutionConfigurationPlatforms) = preSolution
		Debug|Any CPU = Debug|Any CPU
		Release|Any CPU = Release|Any CPU
	EndGlobalSection
	GlobalSection(ProjectConfigurationPlatforms) = postSolution
		{8605974E-2F50-4C14-92BA-48486E1015D3}.Debug|Any CPU.ActiveCfg = Debug|Any CPU
		{8605974E-2F50-4C14-92BA-48486E1015D3}.Debug|Any CPU.Build.0 = Debug|Any CPU
		{8605974E-2F50-4C14-92BA-48486E1015D3}.Release|Any CPU.ActiveCfg = Release|Any CPU
		{8605974E-2F50-4C14-92BA-48486E1015D3}.Release|Any CPU.Build.0 = Release|Any CPU
	EndGlobalSection
	GlobalSection(SolutionProperties) = preSolution
		HideSolutionNode = FALSE
	EndGlobalSection
	GlobalSection(ExtensibilityGlobals) = postSolution
		SolutionGuid = {A07E72B9-9F3A-44B7-9721-B632320CAE86}
	EndGlobalSection
EndGlobal
